
Microsoft Visual Studio Solution File, Format Version 12.00
# Visual Studio Version 17
VisualStudioVersion = 17.5.002.0
MinimumVisualStudioVersion = 10.0.40219.1
Project("{9A19103F-16F7-4668-BE54-9A1E7A4F7556}") = "azMSAL", "azMSAL.csproj", "{A0390818-962E-4EFC-B7EC-43A9F511EDBB}"
EndProject
Global
	GlobalSection(SolutionConfigurationPlatforms) = preSolution
		Debug|Any CPU = Debug|Any CPU
		Release|Any CPU = Release|Any CPU
	EndGlobalSection
	GlobalSection(ProjectConfigurationPlatforms) = postSolution
		{A0390818-962E-4EFC-B7EC-43A9F511EDBB}.Debug|Any CPU.ActiveCfg = Debug|Any CPU
		{A0390818-962E-4EFC-B7EC-43A9F511EDBB}.Debug|Any CPU.Build.0 = Debug|Any CPU
		{A0390818-962E-4EFC-B7EC-43A9F511EDBB}.Release|Any CPU.ActiveCfg = Release|Any CPU
		{A0390818-962E-4EFC-B7EC-43A9F511EDBB}.Release|Any CPU.Build.0 = Release|Any CPU
	EndGlobalSection
	GlobalSection(SolutionProperties) = preSolution
		HideSolutionNode = FALSE
	EndGlobalSection
	GlobalSection(ExtensibilityGlobals) = postSolution
		SolutionGuid = {57304CBE-2B35-4E34-858C-453E80E772D2}
	EndGlobalSection
EndGlobal
